Microsoft Visual Studio Solution File, Format Version 12.00
# Visual Studio 15
Project("{2150E333-8FDC-42A3-9474-1A3956D46DE8}") = "CMakePredefinedTargets", "CMakePredefinedTargets", "{D54CB801-F395-3CAA-87BE-66C592651D05}"
EndProject
Project("{2150E333-8FDC-42A3-9474-1A3956D46DE8}") = "GLFW3", "GLFW3", "{7C028971-4CE8-3B49-BB5F-F89C0890EF34}"
EndProject
Project("{2150E333-8FDC-42A3-9474-1A3956D46DE8}") = "Examples", "GLFW3\Examples", "{B482C3CD-FE6F-371A-A4D6-EA38975E2D6C}"
EndProject
Project("{2150E333-8FDC-42A3-9474-1A3956D46DE8}") = "Tests", "GLFW3\Tests", "{3FD3157F-36FC-3593-9EFB-113C19451BFD}"
EndProject
Project("{8BC9CEB8-8B4A-11D0-8D11-00A0C91BC942}") = "ALL_BUILD", "ALL_BUILD.vcxproj", "{92B9A29F-5CF9-3BFB-A223-991A80AB58D9}"
	ProjectSection(ProjectDependencies) = postProject
		{B0A7F57E-E4FD-31E6-AD7E-12AE160E71F7} = {B0A7F57E-E4FD-31E6-AD7E-12AE160E71F7}
		{9AFBE5B4-3FB8-3901-80B1-84339411248C} = {9AFBE5B4-3FB8-3901-80B1-84339411248C}
		{96FEEB77-101B-3F26-BBE9-03528B7A2C0A} = {96FEEB77-101B-3F26-BBE9-03528B7A2C0A}
		{00A22B50-B9AC-3651-8412-85DBF3C0EF8B} = {00A22B50-B9AC-3651-8412-85DBF3C0EF8B}
		{A660AFB4-BE4E-305A-AEB6-5A2E70BAD87A} = {A660AFB4-BE4E-305A-AEB6-5A2E70BAD87A}
		{E9C4563E-DA17-3099-9833-B80CB17F42B4} = {E9C4563E-DA17-3099-9833-B80CB17F42B4}
		{A11A9792-E145-3785-AA43-86A9F8AB581B} = {A11A9792-E145-3785-AA43-86A9F8AB581B}
		{34ADEFD3-7AF7-3D81-B369-132ECBC1F7C7} = {34ADEFD3-7AF7-3D81-B369-132ECBC1F7C7}
		{274B729E-C6CB-3D03-B7C5-FE3FD67106C5} = {274B729E-C6CB-3D03-B7C5-FE3FD67106C5}
		{771485F9-A252-3B32-97C0-E41BC1308B4D} = {771485F9-A252-3B32-97C0-E41BC1308B4D}
		{A32BC299-7A5F-390B-8BD1-6BD947DE7F46} = {A32BC299-7A5F-390B-8BD1-6BD947DE7F46}
		{23736247-931E-3B21-9375-CA88352370E5} = {23736247-931E-3B21-9375-CA88352370E5}
		{E86C809F-8943-3A41-BEF6-B1B6212A7B1B} = {E86C809F-8943-3A41-BEF6-B1B6212A7B1B}
		{F572EF39-2944-3C6D-92EB-A26BD8B7BB40} = {F572EF39-2944-3C6D-92EB-A26BD8B7BB40}
		{BF6FC102-E6DE-3D7E-9D46-259BAC1185B4} = {BF6FC102-E6DE-3D7E-9D46-259BAC1185B4}
		{9672D280-A671-3F1B-9E78-36D215328ECE} = {9672D280-A671-3F1B-9E78-36D215328ECE}
		{80F45B0D-4A04-3204-A95F-7F6E6C49690C} = {80F45B0D-4A04-3204-A95F-7F6E6C49690C}
		{2FF745F7-7064-31F1-8121-F6BF99E9DBAD} = {2FF745F7-7064-31F1-8121-F6BF99E9DBAD}
		{A2B36958-9AB0-3DD8-8170-85F7B27BAEE1} = {A2B36958-9AB0-3DD8-8170-85F7B27BAEE1}
		{EC8804D6-6314-318B-ACDA-42511C8BDF34} = {EC8804D6-6314-318B-ACDA-42511C8BDF34}
		{2BF87628-708D-3C35-8478-98CCDC892086} = {2BF87628-708D-3C35-8478-98CCDC892086}
		{63B23D7C-EC2D-3095-B7D7-6D788636775D} = {63B23D7C-EC2D-3095-B7D7-6D788636775D}
		{6C983143-B74C-35D1-9CF9-424158A100CD} = {6C983143-B74C-35D1-9CF9-424158A100CD}
		{394C0D65-FE66-3E1B-82BA-B7797677DF5F} = {394C0D65-FE66-3E1B-82BA-B7797677DF5F}
		{34ABE6E9-8735-356F-B4E4-469EDE7ADF1B} = {34ABE6E9-8735-356F-B4E4-469EDE7ADF1B}
		{4A980638-4401-3B5F-8112-9C2C703F96C3} = {4A980638-4401-3B5F-8112-9C2C703F96C3}
		{48FA29BF-05FC-3EE1-8971-A7FF1916158F} = {48FA29BF-05FC-3EE1-8971-A7FF1916158F}
		{78024EB7-4107-3E09-826F-9A30B0996757} = {78024EB7-4107-3E09-826F-9A30B0996757}
		{A104CBFB-57CE-3408-981F-7C5CA3F19AD4} = {A104CBFB-57CE-3408-981F-7C5CA3F19AD4}
		{596CFC3B-AFFA-3D48-9E0B-2D8E8ACBD7EF} = {596CFC3B-AFFA-3D48-9E0B-2D8E8ACBD7EF}
	EndProjectSection
EndProject
Project("{8BC9CEB8-8B4A-11D0-8D11-00A0C91BC942}") = "INSTALL", "INSTALL.vcxproj", "{C2ADBF36-524F-3A24-93F8-6DD35E01A641}"
	ProjectSection(ProjectDependencies) = postProject
		{92B9A29F-5CF9-3BFB-A223-991A80AB58D9} = {92B9A29F-5CF9-3BFB-A223-991A80AB58D9}
		{B0A7F57E-E4FD-31E6-AD7E-12AE160E71F7} = {B0A7F57E-E4FD-31E6-AD7E-12AE160E71F7}
	EndProjectSection
EndProject
Project("{8BC9CEB8-8B4A-11D0-8D11-00A0C91BC942}") = "ZERO_CHECK", "ZERO_CHECK.vcxproj", "{B0A7F57E-E4FD-31E6-AD7E-12AE160E71F7}"
	ProjectSection(ProjectDependencies) = postProject
	EndProjectSection
EndProject
Project("{8BC9CEB8-8B4A-11D0-8D11-00A0C91BC942}") = "boing", "examples\boing.vcxproj", "{9AFBE5B4-3FB8-3901-80B1-84339411248C}"
	ProjectSection(ProjectDependencies) = postProject
		{B0A7F57E-E4FD-31E6-AD7E-12AE160E71F7} = {B0A7F57E-E4FD-31E6-AD7E-12AE160E71F7}
		{274B729E-C6CB-3D03-B7C5-FE3FD67106C5} = {274B729E-C6CB-3D03-B7C5-FE3FD67106C5}
	EndProjectSection
EndProject
Project("{8BC9CEB8-8B4A-11D0-8D11-00A0C91BC942}") = "clipboard", "tests\clipboard.vcxproj", "{96FEEB77-101B-3F26-BBE9-03528B7A2C0A}"
	ProjectSection(ProjectDependencies) = postProject
		{B0A7F57E-E4FD-31E6-AD7E-12AE160E71F7} = {B0A7F57E-E4FD-31E6-AD7E-12AE160E71F7}
		{274B729E-C6CB-3D03-B7C5-FE3FD67106C5} = {274B729E-C6CB-3D03-B7C5-FE3FD67106C5}
	EndProjectSection
EndProject
Project("{8BC9CEB8-8B4A-11D0-8D11-00A0C91BC942}") = "cursor", "tests\cursor.vcxproj", "{00A22B50-B9AC-3651-8412-85DBF3C0EF8B}"
	ProjectSection(ProjectDependencies) = postProject
		{B0A7F57E-E4FD-31E6-AD7E-12AE160E71F7} = {B0A7F57E-E4FD-31E6-AD7E-12AE160E71F7}
		{274B729E-C6CB-3D03-B7C5-FE3FD67106C5} = {274B729E-C6CB-3D03-B7C5-FE3FD67106C5}
	EndProjectSection
EndProject
Project("{8BC9CEB8-8B4A-11D0-8D11-00A0C91BC942}") = "empty", "tests\empty.vcxproj", "{A660AFB4-BE4E-305A-AEB6-5A2E70BAD87A}"
	ProjectSection(ProjectDependencies) = postProject
		{B0A7F57E-E4FD-31E6-AD7E-12AE160E71F7} = {B0A7F57E-E4FD-31E6-AD7E-12AE160E71F7}
		{274B729E-C6CB-3D03-B7C5-FE3FD67106C5} = {274B729E-C6CB-3D03-B7C5-FE3FD67106C5}
	EndProjectSection
EndProject
Project("{8BC9CEB8-8B4A-11D0-8D11-00A0C91BC942}") = "events", "tests\events.vcxproj", "{E9C4563E-DA17-3099-9833-B80CB17F42B4}"
	ProjectSection(ProjectDependencies) = postProject
		{B0A7F57E-E4FD-31E6-AD7E-12AE160E71F7} = {B0A7F57E-E4FD-31E6-AD7E-12AE160E71F7}
		{274B729E-C6CB-3D03-B7C5-FE3FD67106C5} = {274B729E-C6CB-3D03-B7C5-FE3FD67106C5}
	EndProjectSection
EndProject
Project("{8BC9CEB8-8B4A-11D0-8D11-00A0C91BC942}") = "gamma", "tests\gamma.vcxproj", "{A11A9792-E145-3785-AA43-86A9F8AB581B}"
	ProjectSection(ProjectDependencies) = postProject
		{B0A7F57E-E4FD-31E6-AD7E-12AE160E71F7} = {B0A7F57E-E4FD-31E6-AD7E-12AE160E71F7}
		{274B729E-C6CB-3D03-B7C5-FE3FD67106C5} = {274B729E-C6CB-3D03-B7C5-FE3FD67106C5}
	EndProjectSection
EndProject
Project("{8BC9CEB8-8B4A-11D0-8D11-00A0C91BC942}") = "gears", "examples\gears.vcxproj", "{34ADEFD3-7AF7-3D81-B369-132ECBC1F7C7}"
	ProjectSection(ProjectDependencies) = postProject
		{B0A7F57E-E4FD-31E6-AD7E-12AE160E71F7} = {B0A7F57E-E4FD-31E6-AD7E-12AE160E71F7}
		{274B729E-C6CB-3D03-B7C5-FE3FD67106C5} = {274B729E-C6CB-3D03-B7C5-FE3FD67106C5}
	EndProjectSection
EndProject
Project("{8BC9CEB8-8B4A-11D0-8D11-00A0C91BC942}") = "glfw", "src\glfw.vcxproj", "{274B729E-C6CB-3D03-B7C5-FE3FD67106C5}"
	ProjectSection(ProjectDependencies) = postProject
		{B0A7F57E-E4FD-31E6-AD7E-12AE160E71F7} = {B0A7F57E-E4FD-31E6-AD7E-12AE160E71F7}
	EndProjectSection
EndProject
Project("{8BC9CEB8-8B4A-11D0-8D11-00A0C91BC942}") = "glfwinfo", "tests\glfwinfo.vcxproj", "{771485F9-A252-3B32-97C0-E41BC1308B4D}"
	ProjectSection(ProjectDependencies) = postProject
		{B0A7F57E-E4FD-31E6-AD7E-12AE160E71F7} = {B0A7F57E-E4FD-31E6-AD7E-12AE160E71F7}
		{274B729E-C6CB-3D03-B7C5-FE3FD67106C5} = {274B729E-C6CB-3D03-B7C5-FE3FD67106C5}
	EndProjectSection
EndProject
Project("{8BC9CEB8-8B4A-11D0-8D11-00A0C91BC942}") = "heightmap", "examples\heightmap.vcxproj", "{A32BC299-7A5F-390B-8BD1-6BD947DE7F46}"
	ProjectSection(ProjectDependencies) = postProject
		{B0A7F57E-E4FD-31E6-AD7E-12AE160E71F7} = {B0A7F57E-E4FD-31E6-AD7E-12AE160E71F7}
		{274B729E-C6CB-3D03-B7C5-FE3FD67106C5} = {274B729E-C6CB-3D03-B7C5-FE3FD67106C5}
	EndProjectSection
EndProject
Project("{8BC9CEB8-8B4A-11D0-8D11-00A0C91BC942}") = "icon", "tests\icon.vcxproj", "{23736247-931E-3B21-9375-CA88352370E5}"
	ProjectSection(ProjectDependencies) = postProject
		{B0A7F57E-E4FD-31E6-AD7E-12AE160E71F7} = {B0A7F57E-E4FD-31E6-AD7E-12AE160E71F7}
		{274B729E-C6CB-3D03-B7C5-FE3FD67106C5} = {274B729E-C6CB-3D03-B7C5-FE3FD67106C5}
	EndProjectSection
EndProject
Project("{8BC9CEB8-8B4A-11D0-8D11-00A0C91BC942}") = "iconify", "tests\iconify.vcxproj", "{E86C809F-8943-3A41-BEF6-B1B6212A7B1B}"
	ProjectSection(ProjectDependencies) = postProject
		{B0A7F57E-E4FD-31E6-AD7E-12AE160E71F7} = {B0A7F57E-E4FD-31E6-AD7E-12AE160E71F7}
		{274B729E-C6CB-3D03-B7C5-FE3FD67106C5} = {274B729E-C6CB-3D03-B7C5-FE3FD67106C5}
	EndProjectSection
EndProject
Project("{8BC9CEB8-8B4A-11D0-8D11-00A0C91BC942}") = "inputlag", "tests\inputlag.vcxproj", "{F572EF39-2944-3C6D-92EB-A26BD8B7BB40}"
	ProjectSection(ProjectDependencies) = postProject
		{B0A7F57E-E4FD-31E6-AD7E-12AE160E71F7} = {B0A7F57E-E4FD-31E6-AD7E-12AE160E71F7}
		{274B729E-C6CB-3D03-B7C5-FE3FD67106C5} = {274B729E-C6CB-3D03-B7C5-FE3FD67106C5}
	EndProjectSection
EndProject
Project("{8BC9CEB8-8B4A-11D0-8D11-00A0C91BC942}") = "joysticks", "tests\joysticks.vcxproj", "{BF6FC102-E6DE-3D7E-9D46-259BAC1185B4}"
	ProjectSection(ProjectDependencies) = postProject
		{B0A7F57E-E4FD-31E6-AD7E-12AE160E71F7} = {B0A7F57E-E4FD-31E6-AD7E-12AE160E71F7}
		{274B729E-C6CB-3D03-B7C5-FE3FD67106C5} = {274B729E-C6CB-3D03-B7C5-FE3FD67106C5}
	EndProjectSection
EndProject
Project("{8BC9CEB8-8B4A-11D0-8D11-00A0C91BC942}") = "monitors", "tests\monitors.vcxproj", "{9672D280-A671-3F1B-9E78-36D215328ECE}"
	ProjectSection(ProjectDependencies) = postProject
		{B0A7F57E-E4FD-31E6-AD7E-12AE160E71F7} = {B0A7F57E-E4FD-31E6-AD7E-12AE160E71F7}
		{274B729E-C6CB-3D03-B7C5-FE3FD67106C5} = {274B729E-C6CB-3D03-B7C5-FE3FD67106C5}
	EndProjectSection
EndProject
Project("{8BC9CEB8-8B4A-11D0-8D11-00A0C91BC942}") = "msaa", "tests\msaa.vcxproj", "{80F45B0D-4A04-3204-A95F-7F6E6C49690C}"
	ProjectSection(ProjectDependencies) = postProject
		{B0A7F57E-E4FD-31E6-AD7E-12AE160E71F7} = {B0A7F57E-E4FD-31E6-AD7E-12AE160E71F7}
		{274B729E-C6CB-3D03-B7C5-FE3FD67106C5} = {274B729E-C6CB-3D03-B7C5-FE3FD67106C5}
	EndProjectSection
EndProject
Project("{8BC9CEB8-8B4A-11D0-8D11-00A0C91BC942}") = "offscreen", "examples\offscreen.vcxproj", "{2FF745F7-7064-31F1-8121-F6BF99E9DBAD}"
	ProjectSection(ProjectDependencies) = postProject
		{B0A7F57E-E4FD-31E6-AD7E-12AE160E71F7} = {B0A7F57E-E4FD-31E6-AD7E-12AE160E71F7}
		{274B729E-C6CB-3D03-B7C5-FE3FD67106C5} = {274B729E-C6CB-3D03-B7C5-FE3FD67106C5}
	EndProjectSection
EndProject
Project("{8BC9CEB8-8B4A-11D0-8D11-00A0C91BC942}") = "opacity", "tests\opacity.vcxproj", "{A2B36958-9AB0-3DD8-8170-85F7B27BAEE1}"
	ProjectSection(ProjectDependencies) = postProject
		{B0A7F57E-E4FD-31E6-AD7E-12AE160E71F7} = {B0A7F57E-E4FD-31E6-AD7E-12AE160E71F7}
		{274B729E-C6CB-3D03-B7C5-FE3FD67106C5} = {274B729E-C6CB-3D03-B7C5-FE3FD67106C5}
	EndProjectSection
EndProject
Project("{8BC9CEB8-8B4A-11D0-8D11-00A0C91BC942}") = "particles", "examples\particles.vcxproj", "{EC8804D6-6314-318B-ACDA-42511C8BDF34}"
	ProjectSection(ProjectDependencies) = postProject
		{B0A7F57E-E4FD-31E6-AD7E-12AE160E71F7} = {B0A7F57E-E4FD-31E6-AD7E-12AE160E71F7}
		{274B729E-C6CB-3D03-B7C5-FE3FD67106C5} = {274B729E-C6CB-3D03-B7C5-FE3FD67106C5}
	EndProjectSection
EndProject
Project("{8BC9CEB8-8B4A-11D0-8D11-00A0C91BC942}") = "reopen", "tests\reopen.vcxproj", "{2BF87628-708D-3C35-8478-98CCDC892086}"
	ProjectSection(ProjectDependencies) = postProject
		{B0A7F57E-E4FD-31E6-AD7E-12AE160E71F7} = {B0A7F57E-E4FD-31E6-AD7E-12AE160E71F7}
		{274B729E-C6CB-3D03-B7C5-FE3FD67106C5} = {274B729E-C6CB-3D03-B7C5-FE3FD67106C5}
	EndProjectSection
EndProject
Project("{8BC9CEB8-8B4A-11D0-8D11-00A0C91BC942}") = "sharing", "examples\sharing.vcxproj", "{63B23D7C-EC2D-3095-B7D7-6D788636775D}"
	ProjectSection(ProjectDependencies) = postProject
		{B0A7F57E-E4FD-31E6-AD7E-12AE160E71F7} = {B0A7F57E-E4FD-31E6-AD7E-12AE160E71F7}
		{274B729E-C6CB-3D03-B7C5-FE3FD67106C5} = {274B729E-C6CB-3D03-B7C5-FE3FD67106C5}
	EndProjectSection
EndProject
Project("{8BC9CEB8-8B4A-11D0-8D11-00A0C91BC942}") = "simple", "examples\simple.vcxproj", "{6C983143-B74C-35D1-9CF9-424158A100CD}"
	ProjectSection(ProjectDependencies) = postProject
		{B0A7F57E-E4FD-31E6-AD7E-12AE160E71F7} = {B0A7F57E-E4FD-31E6-AD7E-12AE160E71F7}
		{274B729E-C6CB-3D03-B7C5-FE3FD67106C5} = {274B729E-C6CB-3D03-B7C5-FE3FD67106C5}
	EndProjectSection
EndProject
Project("{8BC9CEB8-8B4A-11D0-8D11-00A0C91BC942}") = "splitview", "examples\splitview.vcxproj", "{394C0D65-FE66-3E1B-82BA-B7797677DF5F}"
	ProjectSection(ProjectDependencies) = postProject
		{B0A7F57E-E4FD-31E6-AD7E-12AE160E71F7} = {B0A7F57E-E4FD-31E6-AD7E-12AE160E71F7}
		{274B729E-C6CB-3D03-B7C5-FE3FD67106C5} = {274B729E-C6CB-3D03-B7C5-FE3FD67106C5}
	EndProjectSection
EndProject
Project("{8BC9CEB8-8B4A-11D0-8D11-00A0C91BC942}") = "tearing", "tests\tearing.vcxproj", "{34ABE6E9-8735-356F-B4E4-469EDE7ADF1B}"
	ProjectSection(ProjectDependencies) = postProject
		{B0A7F57E-E4FD-31E6-AD7E-12AE160E71F7} = {B0A7F57E-E4FD-31E6-AD7E-12AE160E71F7}
		{274B729E-C6CB-3D03-B7C5-FE3FD67106C5} = {274B729E-C6CB-3D03-B7C5-FE3FD67106C5}
	EndProjectSection
EndProject
Project("{8BC9CEB8-8B4A-11D0-8D11-00A0C91BC942}") = "threads", "tests\threads.vcxproj", "{4A980638-4401-3B5F-8112-9C2C703F96C3}"
	ProjectSection(ProjectDependencies) = postProject
		{B0A7F57E-E4FD-31E6-AD7E-12AE160E71F7} = {B0A7F57E-E4FD-31E6-AD7E-12AE160E71F7}
		{274B729E-C6CB-3D03-B7C5-FE3FD67106C5} = {274B729E-C6CB-3D03-B7C5-FE3FD67106C5}
	EndProjectSection
EndProject
Project("{8BC9CEB8-8B4A-11D0-8D11-00A0C91BC942}") = "timeout", "tests\timeout.vcxproj", "{48FA29BF-05FC-3EE1-8971-A7FF1916158F}"
	ProjectSection(ProjectDependencies) = postProject
		{B0A7F57E-E4FD-31E6-AD7E-12AE160E71F7} = {B0A7F57E-E4FD-31E6-AD7E-12AE160E71F7}
		{274B729E-C6CB-3D03-B7C5-FE3FD67106C5} = {274B729E-C6CB-3D03-B7C5-FE3FD67106C5}
	EndProjectSection
EndProject
Project("{8BC9CEB8-8B4A-11D0-8D11-00A0C91BC942}") = "title", "tests\title.vcxproj", "{78024EB7-4107-3E09-826F-9A30B0996757}"
	ProjectSection(ProjectDependencies) = postProject
		{B0A7F57E-E4FD-31E6-AD7E-12AE160E71F7} = {B0A7F57E-E4FD-31E6-AD7E-12AE160E71F7}
		{274B729E-C6CB-3D03-B7C5-FE3FD67106C5} = {274B729E-C6CB-3D03-B7C5-FE3FD67106C5}
	EndProjectSection
EndProject
Project("{8BC9CEB8-8B4A-11D0-8D11-00A0C91BC942}") = "uninstall", "uninstall.vcxproj", "{16EC76C7-5D11-3D31-A719-A471BE363CA0}"
	ProjectSection(ProjectDependencies) = postProject
		{B0A7F57E-E4FD-31E6-AD7E-12AE160E71F7} = {B0A7F57E-E4FD-31E6-AD7E-12AE160E71F7}
	EndProjectSection
EndProject
Project("{8BC9CEB8-8B4A-11D0-8D11-00A0C91BC942}") = "wave", "examples\wave.vcxproj", "{A104CBFB-57CE-3408-981F-7C5CA3F19AD4}"
	ProjectSection(ProjectDependencies) = postProject
		{B0A7F57E-E4FD-31E6-AD7E-12AE160E71F7} = {B0A7F57E-E4FD-31E6-AD7E-12AE160E71F7}
		{274B729E-C6CB-3D03-B7C5-FE3FD67106C5} = {274B729E-C6CB-3D03-B7C5-FE3FD67106C5}
	EndProjectSection
EndProject
Project("{8BC9CEB8-8B4A-11D0-8D11-00A0C91BC942}") = "windows", "tests\windows.vcxproj", "{596CFC3B-AFFA-3D48-9E0B-2D8E8ACBD7EF}"
	ProjectSection(ProjectDependencies) = postProject
		{B0A7F57E-E4FD-31E6-AD7E-12AE160E71F7} = {B0A7F57E-E4FD-31E6-AD7E-12AE160E71F7}
		{274B729E-C6CB-3D03-B7C5-FE3FD67106C5} = {274B729E-C6CB-3D03-B7C5-FE3FD67106C5}
	EndProjectSection
EndProject
Global
	GlobalSection(SolutionConfigurationPlatforms) = preSolution
		Debug|Win32 = Debug|Win32
		Release|Win32 = Release|Win32
		MinSizeRel|Win32 = MinSizeRel|Win32
		RelWithDebInfo|Win32 = RelWithDebInfo|Win32
	EndGlobalSection
	GlobalSection(ProjectConfigurationPlatforms) = postSolution
		{92B9A29F-5CF9-3BFB-A223-991A80AB58D9}.Debug|Win32.ActiveCfg = Debug|Win32
		{92B9A29F-5CF9-3BFB-A223-991A80AB58D9}.Debug|Win32.Build.0 = Debug|Win32
		{92B9A29F-5CF9-3BFB-A223-991A80AB58D9}.Release|Win32.ActiveCfg = Release|Win32
		{92B9A29F-5CF9-3BFB-A223-991A80AB58D9}.Release|Win32.Build.0 = Release|Win32
		{92B9A29F-5CF9-3BFB-A223-991A80AB58D9}.MinSizeRel|Win32.ActiveCfg = MinSizeRel|Win32
		{92B9A29F-5CF9-3BFB-A223-991A80AB58D9}.MinSizeRel|Win32.Build.0 = MinSizeRel|Win32
		{92B9A29F-5CF9-3BFB-A223-991A80AB58D9}.RelWithDebInfo|Win32.ActiveCfg = RelWithDebInfo|Win32
		{92B9A29F-5CF9-3BFB-A223-991A80AB58D9}.RelWithDebInfo|Win32.Build.0 = RelWithDebInfo|Win32
		{C2ADBF36-524F-3A24-93F8-6DD35E01A641}.Debug|Win32.ActiveCfg = Debug|Win32
		{C2ADBF36-524F-3A24-93F8-6DD35E01A641}.Release|Win32.ActiveCfg = Release|Win32
		{C2ADBF36-524F-3A24-93F8-6DD35E01A641}.MinSizeRel|Win32.ActiveCfg = MinSizeRel|Win32
		{C2ADBF36-524F-3A24-93F8-6DD35E01A641}.RelWithDebInfo|Win32.ActiveCfg = RelWithDebInfo|Win32
		{B0A7F57E-E4FD-31E6-AD7E-12AE160E71F7}.Debug|Win32.ActiveCfg = Debug|Win32
		{B0A7F57E-E4FD-31E6-AD7E-12AE160E71F7}.Debug|Win32.Build.0 = Debug|Win32
		{B0A7F57E-E4FD-31E6-AD7E-12AE160E71F7}.Release|Win32.ActiveCfg = Release|Win32
		{B0A7F57E-E4FD-31E6-AD7E-12AE160E71F7}.Release|Win32.Build.0 = Release|Win32
		{B0A7F57E-E4FD-31E6-AD7E-12AE160E71F7}.MinSizeRel|Win32.ActiveCfg = MinSizeRel|Win32
		{B0A7F57E-E4FD-31E6-AD7E-12AE160E71F7}.MinSizeRel|Win32.Build.0 = MinSizeRel|Win32
		{B0A7F57E-E4FD-31E6-AD7E-12AE160E71F7}.RelWithDebInfo|Win32.ActiveCfg = RelWithDebInfo|Win32
		{B0A7F57E-E4FD-31E6-AD7E-12AE160E71F7}.RelWithDebInfo|Win32.Build.0 = RelWithDebInfo|Win32
		{9AFBE5B4-3FB8-3901-80B1-84339411248C}.Debug|Win32.ActiveCfg = Debug|Win32
		{9AFBE5B4-3FB8-3901-80B1-84339411248C}.Debug|Win32.Build.0 = Debug|Win32
		{9AFBE5B4-3FB8-3901-80B1-84339411248C}.Release|Win32.ActiveCfg = Release|Win32
		{9AFBE5B4-3FB8-3901-80B1-84339411248C}.Release|Win32.Build.0 = Release|Win32
		{9AFBE5B4-3FB8-3901-80B1-84339411248C}.MinSizeRel|Win32.ActiveCfg = MinSizeRel|Win32
		{9AFBE5B4-3FB8-3901-80B1-84339411248C}.MinSizeRel|Win32.Build.0 = MinSizeRel|Win32
		{9AFBE5B4-3FB8-3901-80B1-84339411248C}.RelWithDebInfo|Win32.ActiveCfg = RelWithDebInfo|Win32
		{9AFBE5B4-3FB8-3901-80B1-84339411248C}.RelWithDebInfo|Win32.Build.0 = RelWithDebInfo|Win32
		{96FEEB77-101B-3F26-BBE9-03528B7A2C0A}.Debug|Win32.ActiveCfg = Debug|Win32
		{96FEEB77-101B-3F26-BBE9-03528B7A2C0A}.Debug|Win32.Build.0 = Debug|Win32
		{96FEEB77-101B-3F26-BBE9-03528B7A2C0A}.Release|Win32.ActiveCfg = Release|Win32
		{96FEEB77-101B-3F26-BBE9-03528B7A2C0A}.Release|Win32.Build.0 = Release|Win32
		{96FEEB77-101B-3F26-BBE9-03528B7A2C0A}.MinSizeRel|Win32.ActiveCfg = MinSizeRel|Win32
		{96FEEB77-101B-3F26-BBE9-03528B7A2C0A}.MinSizeRel|Win32.Build.0 = MinSizeRel|Win32
		{96FEEB77-101B-3F26-BBE9-03528B7A2C0A}.RelWithDebInfo|Win32.ActiveCfg = RelWithDebInfo|Win32
		{96FEEB77-101B-3F26-BBE9-03528B7A2C0A}.RelWithDebInfo|Win32.Build.0 = RelWithDebInfo|Win32
		{00A22B50-B9AC-3651-8412-85DBF3C0EF8B}.Debug|Win32.ActiveCfg = Debug|Win32
		{00A22B50-B9AC-3651-8412-85DBF3C0EF8B}.Debug|Win32.Build.0 = Debug|Win32
		{00A22B50-B9AC-3651-8412-85DBF3C0EF8B}.Release|Win32.ActiveCfg = Release|Win32
		{00A22B50-B9AC-3651-8412-85DBF3C0EF8B}.Release|Win32.Build.0 = Release|Win32
		{00A22B50-B9AC-3651-8412-85DBF3C0EF8B}.MinSizeRel|Win32.ActiveCfg = MinSizeRel|Win32
		{00A22B50-B9AC-3651-8412-85DBF3C0EF8B}.MinSizeRel|Win32.Build.0 = MinSizeRel|Win32
		{00A22B50-B9AC-3651-8412-85DBF3C0EF8B}.RelWithDebInfo|Win32.ActiveCfg = RelWithDebInfo|Win32
		{00A22B50-B9AC-3651-8412-85DBF3C0EF8B}.RelWithDebInfo|Win32.Build.0 = RelWithDebInfo|Win32
		{A660AFB4-BE4E-305A-AEB6-5A2E70BAD87A}.Debug|Win32.ActiveCfg = Debug|Win32
		{A660AFB4-BE4E-305A-AEB6-5A2E70BAD87A}.Debug|Win32.Build.0 = Debug|Win32
		{A660AFB4-BE4E-305A-AEB6-5A2E70BAD87A}.Release|Win32.ActiveCfg = Release|Win32
		{A660AFB4-BE4E-305A-AEB6-5A2E70BAD87A}.Release|Win32.Build.0 = Release|Win32
		{A660AFB4-BE4E-305A-AEB6-5A2E70BAD87A}.MinSizeRel|Win32.ActiveCfg = MinSizeRel|Win32
		{A660AFB4-BE4E-305A-AEB6-5A2E70BAD87A}.MinSizeRel|Win32.Build.0 = MinSizeRel|Win32
		{A660AFB4-BE4E-305A-AEB6-5A2E70BAD87A}.RelWithDebInfo|Win32.ActiveCfg = RelWithDebInfo|Win32
		{A660AFB4-BE4E-305A-AEB6-5A2E70BAD87A}.RelWithDebInfo|Win32.Build.0 = RelWithDebInfo|Win32
		{E9C4563E-DA17-3099-9833-B80CB17F42B4}.Debug|Win32.ActiveCfg = Debug|Win32
		{E9C4563E-DA17-3099-9833-B80CB17F42B4}.Debug|Win32.Build.0 = Debug|Win32
		{E9C4563E-DA17-3099-9833-B80CB17F42B4}.Release|Win32.ActiveCfg = Release|Win32
		{E9C4563E-DA17-3099-9833-B80CB17F42B4}.Release|Win32.Build.0 = Release|Win32
		{E9C4563E-DA17-3099-9833-B80CB17F42B4}.MinSizeRel|Win32.ActiveCfg = MinSizeRel|Win32
		{E9C4563E-DA17-3099-9833-B80CB17F42B4}.MinSizeRel|Win32.Build.0 = MinSizeRel|Win32
		{E9C4563E-DA17-3099-9833-B80CB17F42B4}.RelWithDebInfo|Win32.ActiveCfg = RelWithDebInfo|Win32
		{E9C4563E-DA17-3099-9833-B80CB17F42B4}.RelWithDebInfo|Win32.Build.0 = RelWithDebInfo|Win32
		{A11A9792-E145-3785-AA43-86A9F8AB581B}.Debug|Win32.ActiveCfg = Debug|Win32
		{A11A9792-E145-3785-AA43-86A9F8AB581B}.Debug|Win32.Build.0 = Debug|Win32
		{A11A9792-E145-3785-AA43-86A9F8AB581B}.Release|Win32.ActiveCfg = Release|Win32
		{A11A9792-E145-3785-AA43-86A9F8AB581B}.Release|Win32.Build.0 = Release|Win32
		{A11A9792-E145-3785-AA43-86A9F8AB581B}.MinSizeRel|Win32.ActiveCfg = MinSizeRel|Win32
		{A11A9792-E145-3785-AA43-86A9F8AB581B}.MinSizeRel|Win32.Build.0 = MinSizeRel|Win32
		{A11A9792-E145-3785-AA43-86A9F8AB581B}.RelWithDebInfo|Win32.ActiveCfg = RelWithDebInfo|Win32
		{A11A9792-E145-3785-AA43-86A9F8AB581B}.RelWithDebInfo|Win32.Build.0 = RelWithDebInfo|Win32
		{34ADEFD3-7AF7-3D81-B369-132ECBC1F7C7}.Debug|Win32.ActiveCfg = Debug|Win32
		{34ADEFD3-7AF7-3D81-B369-132ECBC1F7C7}.Debug|Win32.Build.0 = Debug|Win32
		{34ADEFD3-7AF7-3D81-B369-132ECBC1F7C7}.Release|Win32.ActiveCfg = Release|Win32
		{34ADEFD3-7AF7-3D81-B369-132ECBC1F7C7}.Release|Win32.Build.0 = Release|Win32
		{34ADEFD3-7AF7-3D81-B369-132ECBC1F7C7}.MinSizeRel|Win32.ActiveCfg = MinSizeRel|Win32
		{34ADEFD3-7AF7-3D81-B369-132ECBC1F7C7}.MinSizeRel|Win32.Build.0 = MinSizeRel|Win32
		{34ADEFD3-7AF7-3D81-B369-132ECBC1F7C7}.RelWithDebInfo|Win32.ActiveCfg = RelWithDebInfo|Win32
		{34ADEFD3-7AF7-3D81-B369-132ECBC1F7C7}.RelWithDebInfo|Win32.Build.0 = RelWithDebInfo|Win32
		{274B729E-C6CB-3D03-B7C5-FE3FD67106C5}.Debug|Win32.ActiveCfg = Debug|Win32
		{274B729E-C6CB-3D03-B7C5-FE3FD67106C5}.Debug|Win32.Build.0 = Debug|Win32
		{274B729E-C6CB-3D03-B7C5-FE3FD67106C5}.Release|Win32.ActiveCfg = Release|Win32
		{274B729E-C6CB-3D03-B7C5-FE3FD67106C5}.Release|Win32.Build.0 = Release|Win32
		{274B729E-C6CB-3D03-B7C5-FE3FD67106C5}.MinSizeRel|Win32.ActiveCfg = MinSizeRel|Win32
		{274B729E-C6CB-3D03-B7C5-FE3FD67106C5}.MinSizeRel|Win32.Build.0 = MinSizeRel|Win32
		{274B729E-C6CB-3D03-B7C5-FE3FD67106C5}.RelWithDebInfo|Win32.ActiveCfg = RelWithDebInfo|Win32
		{274B729E-C6CB-3D03-B7C5-FE3FD67106C5}.RelWithDebInfo|Win32.Build.0 = RelWithDebInfo|Win32
		{771485F9-A252-3B32-97C0-E41BC1308B4D}.Debug|Win32.ActiveCfg = Debug|Win32
		{771485F9-A252-3B32-97C0-E41BC1308B4D}.Debug|Win32.Build.0 = Debug|Win32
		{771485F9-A252-3B32-97C0-E41BC1308B4D}.Release|Win32.ActiveCfg = Release|Win32
		{771485F9-A252-3B32-97C0-E41BC1308B4D}.Release|Win32.Build.0 = Release|Win32
		{771485F9-A252-3B32-97C0-E41BC1308B4D}.MinSizeRel|Win32.ActiveCfg = MinSizeRel|Win32
		{771485F9-A252-3B32-97C0-E41BC1308B4D}.MinSizeRel|Win32.Build.0 = MinSizeRel|Win32
		{771485F9-A252-3B32-97C0-E41BC1308B4D}.RelWithDebInfo|Win32.ActiveCfg = RelWithDebInfo|Win32
		{771485F9-A252-3B32-97C0-E41BC1308B4D}.RelWithDebInfo|Win32.Build.0 = RelWithDebInfo|Win32
		{A32BC299-7A5F-390B-8BD1-6BD947DE7F46}.Debug|Win32.ActiveCfg = Debug|Win32
		{A32BC299-7A5F-390B-8BD1-6BD947DE7F46}.Debug|Win32.Build.0 = Debug|Win32
		{A32BC299-7A5F-390B-8BD1-6BD947DE7F46}.Release|Win32.ActiveCfg = Release|Win32
		{A32BC299-7A5F-390B-8BD1-6BD947DE7F46}.Release|Win32.Build.0 = Release|Win32
		{A32BC299-7A5F-390B-8BD1-6BD947DE7F46}.MinSizeRel|Win32.ActiveCfg = MinSizeRel|Win32
		{A32BC299-7A5F-390B-8BD1-6BD947DE7F46}.MinSizeRel|Win32.Build.0 = MinSizeRel|Win32
		{A32BC299-7A5F-390B-8BD1-6BD947DE7F46}.RelWithDebInfo|Win32.ActiveCfg = RelWithDebInfo|Win32
		{A32BC299-7A5F-390B-8BD1-6BD947DE7F46}.RelWithDebInfo|Win32.Build.0 = RelWithDebInfo|Win32
		{23736247-931E-3B21-9375-CA88352370E5}.Debug|Win32.ActiveCfg = Debug|Win32
		{23736247-931E-3B21-9375-CA88352370E5}.Debug|Win32.Build.0 = Debug|Win32
		{23736247-931E-3B21-9375-CA88352370E5}.Release|Win32.ActiveCfg = Release|Win32
		{23736247-931E-3B21-9375-CA88352370E5}.Release|Win32.Build.0 = Release|Win32
		{23736247-931E-3B21-9375-CA88352370E5}.MinSizeRel|Win32.ActiveCfg = MinSizeRel|Win32
		{23736247-931E-3B21-9375-CA88352370E5}.MinSizeRel|Win32.Build.0 = MinSizeRel|Win32
		{23736247-931E-3B21-9375-CA88352370E5}.RelWithDebInfo|Win32.ActiveCfg = RelWithDebInfo|Win32
		{23736247-931E-3B21-9375-CA88352370E5}.RelWithDebInfo|Win32.Build.0 = RelWithDebInfo|Win32
		{E86C809F-8943-3A41-BEF6-B1B6212A7B1B}.Debug|Win32.ActiveCfg = Debug|Win32
		{E86C809F-8943-3A41-BEF6-B1B6212A7B1B}.Debug|Win32.Build.0 = Debug|Win32
		{E86C809F-8943-3A41-BEF6-B1B6212A7B1B}.Release|Win32.ActiveCfg = Release|Win32
		{E86C809F-8943-3A41-BEF6-B1B6212A7B1B}.Release|Win32.Build.0 = Release|Win32
		{E86C809F-8943-3A41-BEF6-B1B6212A7B1B}.MinSizeRel|Win32.ActiveCfg = MinSizeRel|Win32
		{E86C809F-8943-3A41-BEF6-B1B6212A7B1B}.MinSizeRel|Win32.Build.0 = MinSizeRel|Win32
		{E86C809F-8943-3A41-BEF6-B1B6212A7B1B}.RelWithDebInfo|Win32.ActiveCfg = RelWithDebInfo|Win32
		{E86C809F-8943-3A41-BEF6-B1B6212A7B1B}.RelWithDebInfo|Win32.Build.0 = RelWithDebInfo|Win32
		{F572EF39-2944-3C6D-92EB-A26BD8B7BB40}.Debug|Win32.ActiveCfg = Debug|Win32
		{F572EF39-2944-3C6D-92EB-A26BD8B7BB40}.Debug|Win32.Build.0 = Debug|Win32
		{F572EF39-2944-3C6D-92EB-A26BD8B7BB40}.Release|Win32.ActiveCfg = Release|Win32
		{F572EF39-2944-3C6D-92EB-A26BD8B7BB40}.Release|Win32.Build.0 = Release|Win32
		{F572EF39-2944-3C6D-92EB-A26BD8B7BB40}.MinSizeRel|Win32.ActiveCfg = MinSizeRel|Win32
		{F572EF39-2944-3C6D-92EB-A26BD8B7BB40}.MinSizeRel|Win32.Build.0 = MinSizeRel|Win32
		{F572EF39-2944-3C6D-92EB-A26BD8B7BB40}.RelWithDebInfo|Win32.ActiveCfg = RelWithDebInfo|Win32
		{F572EF39-2944-3C6D-92EB-A26BD8B7BB40}.RelWithDebInfo|Win32.Build.0 = RelWithDebInfo|Win32
		{BF6FC102-E6DE-3D7E-9D46-259BAC1185B4}.Debug|Win32.ActiveCfg = Debug|Win32
		{BF6FC102-E6DE-3D7E-9D46-259BAC1185B4}.Debug|Win32.Build.0 = Debug|Win32
		{BF6FC102-E6DE-3D7E-9D46-259BAC1185B4}.Release|Win32.ActiveCfg = Release|Win32
		{BF6FC102-E6DE-3D7E-9D46-259BAC1185B4}.Release|Win32.Build.0 = Release|Win32
		{BF6FC102-E6DE-3D7E-9D46-259BAC1185B4}.MinSizeRel|Win32.ActiveCfg = MinSizeRel|Win32
		{BF6FC102-E6DE-3D7E-9D46-259BAC1185B4}.MinSizeRel|Win32.Build.0 = MinSizeRel|Win32
		{BF6FC102-E6DE-3D7E-9D46-259BAC1185B4}.RelWithDebInfo|Win32.ActiveCfg = RelWithDebInfo|Win32
		{BF6FC102-E6DE-3D7E-9D46-259BAC1185B4}.RelWithDebInfo|Win32.Build.0 = RelWithDebInfo|Win32
		{9672D280-A671-3F1B-9E78-36D215328ECE}.Debug|Win32.ActiveCfg = Debug|Win32
		{9672D280-A671-3F1B-9E78-36D215328ECE}.Debug|Win32.Build.0 = Debug|Win32
		{9672D280-A671-3F1B-9E78-36D215328ECE}.Release|Win32.ActiveCfg = Release|Win32
		{9672D280-A671-3F1B-9E78-36D215328ECE}.Release|Win32.Build.0 = Release|Win32
		{9672D280-A671-3F1B-9E78-36D215328ECE}.MinSizeRel|Win32.ActiveCfg = MinSizeRel|Win32
		{9672D280-A671-3F1B-9E78-36D215328ECE}.MinSizeRel|Win32.Build.0 = MinSizeRel|Win32
		{9672D280-A671-3F1B-9E78-36D215328ECE}.RelWithDebInfo|Win32.ActiveCfg = RelWithDebInfo|Win32
		{9672D280-A671-3F1B-9E78-36D215328ECE}.RelWithDebInfo|Win32.Build.0 = RelWithDebInfo|Win32
		{80F45B0D-4A04-3204-A95F-7F6E6C49690C}.Debug|Win32.ActiveCfg = Debug|Win32
		{80F45B0D-4A04-3204-A95F-7F6E6C49690C}.Debug|Win32.Build.0 = Debug|Win32
		{80F45B0D-4A04-3204-A95F-7F6E6C49690C}.Release|Win32.ActiveCfg = Release|Win32
		{80F45B0D-4A04-3204-A95F-7F6E6C49690C}.Release|Win32.Build.0 = Release|Win32
		{80F45B0D-4A04-3204-A95F-7F6E6C49690C}.MinSizeRel|Win32.ActiveCfg = MinSizeRel|Win32
		{80F45B0D-4A04-3204-A95F-7F6E6C49690C}.MinSizeRel|Win32.Build.0 = MinSizeRel|Win32
		{80F45B0D-4A04-3204-A95F-7F6E6C49690C}.RelWithDebInfo|Win32.ActiveCfg = RelWithDebInfo|Win32
		{80F45B0D-4A04-3204-A95F-7F6E6C49690C}.RelWithDebInfo|Win32.Build.0 = RelWithDebInfo|Win32
		{2FF745F7-7064-31F1-8121-F6BF99E9DBAD}.Debug|Win32.ActiveCfg = Debug|Win32
		{2FF745F7-7064-31F1-8121-F6BF99E9DBAD}.Debug|Win32.Build.0 = Debug|Win32
		{2FF745F7-7064-31F1-8121-F6BF99E9DBAD}.Release|Win32.ActiveCfg = Release|Win32
		{2FF745F7-7064-31F1-8121-F6BF99E9DBAD}.Release|Win32.Build.0 = Release|Win32
		{2FF745F7-7064-31F1-8121-F6BF99E9DBAD}.MinSizeRel|Win32.ActiveCfg = MinSizeRel|Win32
		{2FF745F7-7064-31F1-8121-F6BF99E9DBAD}.MinSizeRel|Win32.Build.0 = MinSizeRel|Win32
		{2FF745F7-7064-31F1-8121-F6BF99E9DBAD}.RelWithDebInfo|Win32.ActiveCfg = RelWithDebInfo|Win32
		{2FF745F7-7064-31F1-8121-F6BF99E9DBAD}.RelWithDebInfo|Win32.Build.0 = RelWithDebInfo|Win32
		{A2B36958-9AB0-3DD8-8170-85F7B27BAEE1}.Debug|Win32.ActiveCfg = Debug|Win32
		{A2B36958-9AB0-3DD8-8170-85F7B27BAEE1}.Debug|Win32.Build.0 = Debug|Win32
		{A2B36958-9AB0-3DD8-8170-85F7B27BAEE1}.Release|Win32.ActiveCfg = Release|Win32
		{A2B36958-9AB0-3DD8-8170-85F7B27BAEE1}.Release|Win32.Build.0 = Release|Win32
		{A2B36958-9AB0-3DD8-8170-85F7B27BAEE1}.MinSizeRel|Win32.ActiveCfg = MinSizeRel|Win32
		{A2B36958-9AB0-3DD8-8170-85F7B27BAEE1}.MinSizeRel|Win32.Build.0 = MinSizeRel|Win32
		{A2B36958-9AB0-3DD8-8170-85F7B27BAEE1}.RelWithDebInfo|Win32.ActiveCfg = RelWithDebInfo|Win32
		{A2B36958-9AB0-3DD8-8170-85F7B27BAEE1}.RelWithDebInfo|Win32.Build.0 = RelWithDebInfo|Win32
		{EC8804D6-6314-318B-ACDA-42511C8BDF34}.Debug|Win32.ActiveCfg = Debug|Win32
		{EC8804D6-6314-318B-ACDA-42511C8BDF34}.Debug|Win32.Build.0 = Debug|Win32
		{EC8804D6-6314-318B-ACDA-42511C8BDF34}.Release|Win32.ActiveCfg = Release|Win32
		{EC8804D6-6314-318B-ACDA-42511C8BDF34}.Release|Win32.Build.0 = Release|Win32
		{EC8804D6-6314-318B-ACDA-42511C8BDF34}.MinSizeRel|Win32.ActiveCfg = MinSizeRel|Win32
		{EC8804D6-6314-318B-ACDA-42511C8BDF34}.MinSizeRel|Win32.Build.0 = MinSizeRel|Win32
		{EC8804D6-6314-318B-ACDA-42511C8BDF34}.RelWithDebInfo|Win32.ActiveCfg = RelWithDebInfo|Win32
		{EC8804D6-6314-318B-ACDA-42511C8BDF34}.RelWithDebInfo|Win32.Build.0 = RelWithDebInfo|Win32
		{2BF87628-708D-3C35-8478-98CCDC892086}.Debug|Win32.ActiveCfg = Debug|Win32
		{2BF87628-708D-3C35-8478-98CCDC892086}.Debug|Win32.Build.0 = Debug|Win32
		{2BF87628-708D-3C35-8478-98CCDC892086}.Release|Win32.ActiveCfg = Release|Win32
		{2BF87628-708D-3C35-8478-98CCDC892086}.Release|Win32.Build.0 = Release|Win32
		{2BF87628-708D-3C35-8478-98CCDC892086}.MinSizeRel|Win32.ActiveCfg = MinSizeRel|Win32
		{2BF87628-708D-3C35-8478-98CCDC892086}.MinSizeRel|Win32.Build.0 = MinSizeRel|Win32
		{2BF87628-708D-3C35-8478-98CCDC892086}.RelWithDebInfo|Win32.ActiveCfg = RelWithDebInfo|Win32
		{2BF87628-708D-3C35-8478-98CCDC892086}.RelWithDebInfo|Win32.Build.0 = RelWithDebInfo|Win32
		{63B23D7C-EC2D-3095-B7D7-6D788636775D}.Debug|Win32.ActiveCfg = Debug|Win32
		{63B23D7C-EC2D-3095-B7D7-6D788636775D}.Debug|Win32.Build.0 = Debug|Win32
		{63B23D7C-EC2D-3095-B7D7-6D788636775D}.Release|Win32.ActiveCfg = Release|Win32
		{63B23D7C-EC2D-3095-B7D7-6D788636775D}.Release|Win32.Build.0 = Release|Win32
		{63B23D7C-EC2D-3095-B7D7-6D788636775D}.MinSizeRel|Win32.ActiveCfg = MinSizeRel|Win32
		{63B23D7C-EC2D-3095-B7D7-6D788636775D}.MinSizeRel|Win32.Build.0 = MinSizeRel|Win32
		{63B23D7C-EC2D-3095-B7D7-6D788636775D}.RelWithDebInfo|Win32.ActiveCfg = RelWithDebInfo|Win32
		{63B23D7C-EC2D-3095-B7D7-6D788636775D}.RelWithDebInfo|Win32.Build.0 = RelWithDebInfo|Win32
		{6C983143-B74C-35D1-9CF9-424158A100CD}.Debug|Win32.ActiveCfg = Debug|Win32
		{6C983143-B74C-35D1-9CF9-424158A100CD}.Debug|Win32.Build.0 = Debug|Win32
		{6C983143-B74C-35D1-9CF9-424158A100CD}.Release|Win32.ActiveCfg = Release|Win32
		{6C983143-B74C-35D1-9CF9-424158A100CD}.Release|Win32.Build.0 = Release|Win32
		{6C983143-B74C-35D1-9CF9-424158A100CD}.MinSizeRel|Win32.ActiveCfg = MinSizeRel|Win32
		{6C983143-B74C-35D1-9CF9-424158A100CD}.MinSizeRel|Win32.Build.0 = MinSizeRel|Win32
		{6C983143-B74C-35D1-9CF9-424158A100CD}.RelWithDebInfo|Win32.ActiveCfg = RelWithDebInfo|Win32
		{6C983143-B74C-35D1-9CF9-424158A100CD}.RelWithDebInfo|Win32.Build.0 = RelWithDebInfo|Win32
		{394C0D65-FE66-3E1B-82BA-B7797677DF5F}.Debug|Win32.ActiveCfg = Debug|Win32
		{394C0D65-FE66-3E1B-82BA-B7797677DF5F}.Debug|Win32.Build.0 = Debug|Win32
		{394C0D65-FE66-3E1B-82BA-B7797677DF5F}.Release|Win32.ActiveCfg = Release|Win32
		{394C0D65-FE66-3E1B-82BA-B7797677DF5F}.Release|Win32.Build.0 = Release|Win32
		{394C0D65-FE66-3E1B-82BA-B7797677DF5F}.MinSizeRel|Win32.ActiveCfg = MinSizeRel|Win32
		{394C0D65-FE66-3E1B-82BA-B7797677DF5F}.MinSizeRel|Win32.Build.0 = MinSizeRel|Win32
		{394C0D65-FE66-3E1B-82BA-B7797677DF5F}.RelWithDebInfo|Win32.ActiveCfg = RelWithDebInfo|Win32
		{394C0D65-FE66-3E1B-82BA-B7797677DF5F}.RelWithDebInfo|Win32.Build.0 = RelWithDebInfo|Win32
		{34ABE6E9-8735-356F-B4E4-469EDE7ADF1B}.Debug|Win32.ActiveCfg = Debug|Win32
		{34ABE6E9-8735-356F-B4E4-469EDE7ADF1B}.Debug|Win32.Build.0 = Debug|Win32
		{34ABE6E9-8735-356F-B4E4-469EDE7ADF1B}.Release|Win32.ActiveCfg = Release|Win32
		{34ABE6E9-8735-356F-B4E4-469EDE7ADF1B}.Release|Win32.Build.0 = Release|Win32
		{34ABE6E9-8735-356F-B4E4-469EDE7ADF1B}.MinSizeRel|Win32.ActiveCfg = MinSizeRel|Win32
		{34ABE6E9-8735-356F-B4E4-469EDE7ADF1B}.MinSizeRel|Win32.Build.0 = MinSizeRel|Win32
		{34ABE6E9-8735-356F-B4E4-469EDE7ADF1B}.RelWithDebInfo|Win32.ActiveCfg = RelWithDebInfo|Win32
		{34ABE6E9-8735-356F-B4E4-469EDE7ADF1B}.RelWithDebInfo|Win32.Build.0 = RelWithDebInfo|Win32
		{4A980638-4401-3B5F-8112-9C2C703F96C3}.Debug|Win32.ActiveCfg = Debug|Win32
		{4A980638-4401-3B5F-8112-9C2C703F96C3}.Debug|Win32.Build.0 = Debug|Win32
		{4A980638-4401-3B5F-8112-9C2C703F96C3}.Release|Win32.ActiveCfg = Release|Win32
		{4A980638-4401-3B5F-8112-9C2C703F96C3}.Release|Win32.Build.0 = Release|Win32
		{4A980638-4401-3B5F-8112-9C2C703F96C3}.MinSizeRel|Win32.ActiveCfg = MinSizeRel|Win32
		{4A980638-4401-3B5F-8112-9C2C703F96C3}.MinSizeRel|Win32.Build.0 = MinSizeRel|Win32
		{4A980638-4401-3B5F-8112-9C2C703F96C3}.RelWithDebInfo|Win32.ActiveCfg = RelWithDebInfo|Win32
		{4A980638-4401-3B5F-8112-9C2C703F96C3}.RelWithDebInfo|Win32.Build.0 = RelWithDebInfo|Win32
		{48FA29BF-05FC-3EE1-8971-A7FF1916158F}.Debug|Win32.ActiveCfg = Debug|Win32
		{48FA29BF-05FC-3EE1-8971-A7FF1916158F}.Debug|Win32.Build.0 = Debug|Win32
		{48FA29BF-05FC-3EE1-8971-A7FF1916158F}.Release|Win32.ActiveCfg = Release|Win32
		{48FA29BF-05FC-3EE1-8971-A7FF1916158F}.Release|Win32.Build.0 = Release|Win32
		{48FA29BF-05FC-3EE1-8971-A7FF1916158F}.MinSizeRel|Win32.ActiveCfg = MinSizeRel|Win32
		{48FA29BF-05FC-3EE1-8971-A7FF1916158F}.MinSizeRel|Win32.Build.0 = MinSizeRel|Win32
		{48FA29BF-05FC-3EE1-8971-A7FF1916158F}.RelWithDebInfo|Win32.ActiveCfg = RelWithDebInfo|Win32
		{48FA29BF-05FC-3EE1-8971-A7FF1916158F}.RelWithDebInfo|Win32.Build.0 = RelWithDebInfo|Win32
		{78024EB7-4107-3E09-826F-9A30B0996757}.Debug|Win32.ActiveCfg = Debug|Win32
		{78024EB7-4107-3E09-826F-9A30B0996757}.Debug|Win32.Build.0 = Debug|Win32
		{78024EB7-4107-3E09-826F-9A30B0996757}.Release|Win32.ActiveCfg = Release|Win32
		{78024EB7-4107-3E09-826F-9A30B0996757}.Release|Win32.Build.0 = Release|Win32
		{78024EB7-4107-3E09-826F-9A30B0996757}.MinSizeRel|Win32.ActiveCfg = MinSizeRel|Win32
		{78024EB7-4107-3E09-826F-9A30B0996757}.MinSizeRel|Win32.Build.0 = MinSizeRel|Win32
		{78024EB7-4107-3E09-826F-9A30B0996757}.RelWithDebInfo|Win32.ActiveCfg = RelWithDebInfo|Win32
		{78024EB7-4107-3E09-826F-9A30B0996757}.RelWithDebInfo|Win32.Build.0 = RelWithDebInfo|Win32
		{16EC76C7-5D11-3D31-A719-A471BE363CA0}.Debug|Win32.ActiveCfg = Debug|Win32
		{16EC76C7-5D11-3D31-A719-A471BE363CA0}.Release|Win32.ActiveCfg = Release|Win32
		{16EC76C7-5D11-3D31-A719-A471BE363CA0}.MinSizeRel|Win32.ActiveCfg = MinSizeRel|Win32
		{16EC76C7-5D11-3D31-A719-A471BE363CA0}.RelWithDebInfo|Win32.ActiveCfg = RelWithDebInfo|Win32
		{A104CBFB-57CE-3408-981F-7C5CA3F19AD4}.Debug|Win32.ActiveCfg = Debug|Win32
		{A104CBFB-57CE-3408-981F-7C5CA3F19AD4}.Debug|Win32.Build.0 = Debug|Win32
		{A104CBFB-57CE-3408-981F-7C5CA3F19AD4}.Release|Win32.ActiveCfg = Release|Win32
		{A104CBFB-57CE-3408-981F-7C5CA3F19AD4}.Release|Win32.Build.0 = Release|Win32
		{A104CBFB-57CE-3408-981F-7C5CA3F19AD4}.MinSizeRel|Win32.ActiveCfg = MinSizeRel|Win32
		{A104CBFB-57CE-3408-981F-7C5CA3F19AD4}.MinSizeRel|Win32.Build.0 = MinSizeRel|Win32
		{A104CBFB-57CE-3408-981F-7C5CA3F19AD4}.RelWithDebInfo|Win32.ActiveCfg = RelWithDebInfo|Win32
		{A104CBFB-57CE-3408-981F-7C5CA3F19AD4}.RelWithDebInfo|Win32.Build.0 = RelWithDebInfo|Win32
		{596CFC3B-AFFA-3D48-9E0B-2D8E8ACBD7EF}.Debug|Win32.ActiveCfg = Debug|Win32
		{596CFC3B-AFFA-3D48-9E0B-2D8E8ACBD7EF}.Debug|Win32.Build.0 = Debug|Win32
		{596CFC3B-AFFA-3D48-9E0B-2D8E8ACBD7EF}.Release|Win32.ActiveCfg = Release|Win32
		{596CFC3B-AFFA-3D48-9E0B-2D8E8ACBD7EF}.Release|Win32.Build.0 = Release|Win32
		{596CFC3B-AFFA-3D48-9E0B-2D8E8ACBD7EF}.MinSizeRel|Win32.ActiveCfg = MinSizeRel|Win32
		{596CFC3B-AFFA-3D48-9E0B-2D8E8ACBD7EF}.MinSizeRel|Win32.Build.0 = MinSizeRel|Win32
		{596CFC3B-AFFA-3D48-9E0B-2D8E8ACBD7EF}.RelWithDebInfo|Win32.ActiveCfg = RelWithDebInfo|Win32
		{596CFC3B-AFFA-3D48-9E0B-2D8E8ACBD7EF}.RelWithDebInfo|Win32.Build.0 = RelWithDebInfo|Win32
	EndGlobalSection
	GlobalSection(NestedProjects) = preSolution
		{92B9A29F-5CF9-3BFB-A223-991A80AB58D9} = {D54CB801-F395-3CAA-87BE-66C592651D05}
		{C2ADBF36-524F-3A24-93F8-6DD35E01A641} = {D54CB801-F395-3CAA-87BE-66C592651D05}
		{B0A7F57E-E4FD-31E6-AD7E-12AE160E71F7} = {D54CB801-F395-3CAA-87BE-66C592651D05}
		{B482C3CD-FE6F-371A-A4D6-EA38975E2D6C} = {7C028971-4CE8-3B49-BB5F-F89C0890EF34}
		{3FD3157F-36FC-3593-9EFB-113C19451BFD} = {7C028971-4CE8-3B49-BB5F-F89C0890EF34}
		{274B729E-C6CB-3D03-B7C5-FE3FD67106C5} = {7C028971-4CE8-3B49-BB5F-F89C0890EF34}
		{16EC76C7-5D11-3D31-A719-A471BE363CA0} = {7C028971-4CE8-3B49-BB5F-F89C0890EF34}
		{9AFBE5B4-3FB8-3901-80B1-84339411248C} = {B482C3CD-FE6F-371A-A4D6-EA38975E2D6C}
		{34ADEFD3-7AF7-3D81-B369-132ECBC1F7C7} = {B482C3CD-FE6F-371A-A4D6-EA38975E2D6C}
		{A32BC299-7A5F-390B-8BD1-6BD947DE7F46} = {B482C3CD-FE6F-371A-A4D6-EA38975E2D6C}
		{2FF745F7-7064-31F1-8121-F6BF99E9DBAD} = {B482C3CD-FE6F-371A-A4D6-EA38975E2D6C}
		{EC8804D6-6314-318B-ACDA-42511C8BDF34} = {B482C3CD-FE6F-371A-A4D6-EA38975E2D6C}
		{63B23D7C-EC2D-3095-B7D7-6D788636775D} = {B482C3CD-FE6F-371A-A4D6-EA38975E2D6C}
		{6C983143-B74C-35D1-9CF9-424158A100CD} = {B482C3CD-FE6F-371A-A4D6-EA38975E2D6C}
		{394C0D65-FE66-3E1B-82BA-B7797677DF5F} = {B482C3CD-FE6F-371A-A4D6-EA38975E2D6C}
		{A104CBFB-57CE-3408-981F-7C5CA3F19AD4} = {B482C3CD-FE6F-371A-A4D6-EA38975E2D6C}
		{96FEEB77-101B-3F26-BBE9-03528B7A2C0A} = {3FD3157F-36FC-3593-9EFB-113C19451BFD}
		{00A22B50-B9AC-3651-8412-85DBF3C0EF8B} = {3FD3157F-36FC-3593-9EFB-113C19451BFD}
		{A660AFB4-BE4E-305A-AEB6-5A2E70BAD87A} = {3FD3157F-36FC-3593-9EFB-113C19451BFD}
		{E9C4563E-DA17-3099-9833-B80CB17F42B4} = {3FD3157F-36FC-3593-9EFB-113C19451BFD}
		{A11A9792-E145-3785-AA43-86A9F8AB581B} = {3FD3157F-36FC-3593-9EFB-113C19451BFD}
		{771485F9-A252-3B32-97C0-E41BC1308B4D} = {3FD3157F-36FC-3593-9EFB-113C19451BFD}
		{23736247-931E-3B21-9375-CA88352370E5} = {3FD3157F-36FC-3593-9EFB-113C19451BFD}
		{E86C809F-8943-3A41-BEF6-B1B6212A7B1B} = {3FD3157F-36FC-3593-9EFB-113C19451BFD}
		{F572EF39-2944-3C6D-92EB-A26BD8B7BB40} = {3FD3157F-36FC-3593-9EFB-113C19451BFD}
		{BF6FC102-E6DE-3D7E-9D46-259BAC1185B4} = {3FD3157F-36FC-3593-9EFB-113C19451BFD}
		{9672D280-A671-3F1B-9E78-36D215328ECE} = {3FD3157F-36FC-3593-9EFB-113C19451BFD}
		{80F45B0D-4A04-3204-A95F-7F6E6C49690C} = {3FD3157F-36FC-3593-9EFB-113C19451BFD}
		{A2B36958-9AB0-3DD8-8170-85F7B27BAEE1} = {3FD3157F-36FC-3593-9EFB-113C19451BFD}
		{2BF87628-708D-3C35-8478-98CCDC892086} = {3FD3157F-36FC-3593-9EFB-113C19451BFD}
		{34ABE6E9-8735-356F-B4E4-469EDE7ADF1B} = {3FD3157F-36FC-3593-9EFB-113C19451BFD}
		{4A980638-4401-3B5F-8112-9C2C703F96C3} = {3FD3157F-36FC-3593-9EFB-113C19451BFD}
		{48FA29BF-05FC-3EE1-8971-A7FF1916158F} = {3FD3157F-36FC-3593-9EFB-113C19451BFD}
		{78024EB7-4107-3E09-826F-9A30B0996757} = {3FD3157F-36FC-3593-9EFB-113C19451BFD}
		{596CFC3B-AFFA-3D48-9E0B-2D8E8ACBD7EF} = {3FD3157F-36FC-3593-9EFB-113C19451BFD}
	EndGlobalSection
	GlobalSection(ExtensibilityGlobals) = postSolution
		SolutionGuid = {68C5CCA1-F1A5-3647-90BB-262763F09AFF}
	EndGlobalSection
	GlobalSection(ExtensibilityAddIns) = postSolution
	EndGlobalSection
EndGlobal
