<?xml version="1.0" encoding="UTF-8"?>
<Project ToolsVersion="15.0" xmlns="http://schemas.microsoft.com/developer/msbuild/2003">
  <ItemGroup>
    <CustomBuild Include="C:\Users\just1\source\repos\Simple3dsViewer\libs\glfw\CMakeFiles\6daa46c15d2a80ef6f07571c41ac5373\INSTALL_force.rule">
      <Filter>CMake Rules</Filter>
    </CustomBuild>
  </ItemGroup>
  <ItemGroup>
    <Filter Include="CMake Rules">
      <UniqueIdentifier>{CC7FC541-B7C8-3BCE-92A4-F57E0574BBBF}</UniqueIdentifier>
    </Filter>
  </ItemGroup>
</Project>
