<?xml version="1.0" encoding="UTF-8"?>
<Project ToolsVersion="15.0" xmlns="http://schemas.microsoft.com/developer/msbuild/2003">
  <ItemGroup>
    <ClCompile Include="C:\Users\just1\source\repos\Simple3dsViewer\includes\glfw\tests\reopen.c">
      <Filter>Source Files</Filter>
    </ClCompile>
    <ClCompile Include="C:\Users\just1\source\repos\Simple3dsViewer\includes\glfw\deps\glad.c">
      <Filter>Source Files</Filter>
    </ClCompile>
  </ItemGroup>
  <ItemGroup>
    <ClInclude Include="C:\Users\just1\source\repos\Simple3dsViewer\includes\glfw\deps\glad\glad.h">
      <Filter>Header Files</Filter>
    </ClInclude>
  </ItemGroup>
  <ItemGroup>
    <CustomBuild Include="C:\Users\just1\source\repos\Simple3dsViewer\includes\glfw\tests\CMakeLists.txt" />
  </ItemGroup>
  <ItemGroup>
    <Filter Include="Source Files">
      <UniqueIdentifier>{D2A7EDA4-C342-3574-BCFC-6426EFEF20F7}</UniqueIdentifier>
    </Filter>
    <Filter Include="Header Files">
      <UniqueIdentifier>{224A2016-519A-385F-BB93-A9C77D15F604}</UniqueIdentifier>
    </Filter>
  </ItemGroup>
</Project>
